// !$*UTF8*$!
{
	archiveVersion = 1;
	classes = {
	};
	objectVersion = 46;
	objects = {

/* Begin PBXBuildFile section */
		1FDF12E41FB008BA0016CC1F /* AppDelegate.swift in Sources */ = {isa = PBXBuildFile; fileRef = 1FDF12E31FB008BA0016CC1F /* AppDelegate.swift */; };
		1FDF12E61FB008BA0016CC1F /* ViewController.swift in Sources */ = {isa = PBXBuildFile; fileRef = 1FDF12E51FB008BA0016CC1F /* ViewController.swift */; };
		1FDF12E91FB008BA0016CC1F /* Main.storyboard in Resources */ = {isa = PBXBuildFile; fileRef = 1FDF12E71FB008BA0016CC1F /* Main.storyboard */; };
		1FDF12EC1FB008BA0016CC1F /* SimonSaysOfficial.xcdatamodeld in Sources */ = {isa = PBXBuildFile; fileRef = 1FDF12EA1FB008BA0016CC1F /* SimonSaysOfficial.xcdatamodeld */; };
		1FDF12EE1FB008BB0016CC1F /* Assets.xcassets in Resources */ = {isa = PBXBuildFile; fileRef = 1FDF12ED1FB008BB0016CC1F /* Assets.xcassets */; };
		1FDF12F11FB008BB0016CC1F /* LaunchScreen.storyboard in Resources */ = {isa = PBXBuildFile; fileRef = 1FDF12EF1FB008BB0016CC1F /* LaunchScreen.storyboard */; };
		1FDF12FC1FB008BB0016CC1F /* SimonSaysOfficialTests.swift in Sources */ = {isa = PBXBuildFile; fileRef = 1FDF12FB1FB008BB0016CC1F /* SimonSaysOfficialTests.swift */; };
		1FDF13071FB008BB0016CC1F /* SimonSaysOfficialUITests.swift in Sources */ = {isa = PBXBuildFile; fileRef = 1FDF13061FB008BB0016CC1F /* SimonSaysOfficialUITests.swift */; };
		1FDF13151FB0097A0016CC1F /* TableViewController.swift in Sources */ = {isa = PBXBuildFile; fileRef = 1FDF13141FB0097A0016CC1F /* TableViewController.swift */; };
/* End PBXBuildFile section */

/* Begin PBXContainerItemProxy section */
		1FDF12F81FB008BB0016CC1F /* PBXContainerItemProxy */ = {
			isa = PBXContainerItemProxy;
			containerPortal = 1FDF12D81FB008BA0016CC1F /* Project object */;
			proxyType = 1;
			remoteGlobalIDString = 1FDF12DF1FB008BA0016CC1F;
			remoteInfo = SimonSaysOfficial;
		};
		1FDF13031FB008BB0016CC1F /* PBXContainerItemProxy */ = {
			isa = PBXContainerItemProxy;
			containerPortal = 1FDF12D81FB008BA0016CC1F /* Project object */;
			proxyType = 1;
			remoteGlobalIDString = 1FDF12DF1FB008BA0016CC1F;
			remoteInfo = SimonSaysOfficial;
		};
/* End PBXContainerItemProxy section */

/* Begin PBXFileReference section */
		1FDF12E01FB008BA0016CC1F /* SimonSaysOfficial.app */ = {isa = PBXFileReference; explicitFileType = wrapper.application; includeInIndex = 0; path = SimonSaysOfficial.app; sourceTree = BUILT_PRODUCTS_DIR; };
		1FDF12E31FB008BA0016CC1F /* AppDelegate.swift */ = {isa = PBXFileReference; lastKnownFileType = sourcecode.swift; path = AppDelegate.swift; sourceTree = "<group>"; };
		1FDF12E51FB008BA0016CC1F /* ViewController.swift */ = {isa = PBXFileReference; lastKnownFileType = sourcecode.swift; path = ViewController.swift; sourceTree = "<group>"; };
		1FDF12E81FB008BA0016CC1F /* Base */ = {isa = PBXFileReference; lastKnownFileType = file.storyboard; name = Base; path = Base.lproj/Main.storyboard; sourceTree = "<group>"; };
		1FDF12EB1FB008BA0016CC1F /* SimonSaysOfficial.xcdatamodel */ = {isa = PBXFileReference; lastKnownFileType = wrapper.xcdatamodel; path = SimonSaysOfficial.xcdatamodel; sourceTree = "<group>"; };
		1FDF12ED1FB008BB0016CC1F /* Assets.xcassets */ = {isa = PBXFileReference; lastKnownFileType = folder.assetcatalog; path = Assets.xcassets; sourceTree = "<group>"; };
		1FDF12F01FB008BB0016CC1F /* Base */ = {isa = PBXFileReference; lastKnownFileType = file.storyboard; name = Base; path = Base.lproj/LaunchScreen.storyboard; sourceTree = "<group>"; };
		1FDF12F21FB008BB0016CC1F /* Info.plist */ = {isa = PBXFileReference; lastKnownFileType = text.plist.xml; path = Info.plist; sourceTree = "<group>"; };
		1FDF12F71FB008BB0016CC1F /* SimonSaysOfficialTests.xctest */ = {isa = PBXFileReference; explicitFileType = wrapper.cfbundle; includeInIndex = 0; path = SimonSaysOfficialTests.xctest; sourceTree = BUILT_PRODUCTS_DIR; };
		1FDF12FB1FB008BB0016CC1F /* SimonSaysOfficialTests.swift */ = {isa = PBXFileReference; lastKnownFileType = sourcecode.swift; path = SimonSaysOfficialTests.swift; sourceTree = "<group>"; };
		1FDF12FD1FB008BB0016CC1F /* Info.plist */ = {isa = PBXFileReference; lastKnownFileType = text.plist.xml; path = Info.plist; sourceTree = "<group>"; };
		1FDF13021FB008BB0016CC1F /* SimonSaysOfficialUITests.xctest */ = {isa = PBXFileReference; explicitFileType = wrapper.cfbundle; includeInIndex = 0; path = SimonSaysOfficialUITests.xctest; sourceTree = BUILT_PRODUCTS_DIR; };
		1FDF13061FB008BB0016CC1F /* SimonSaysOfficialUITests.swift */ = {isa = PBXFileReference; lastKnownFileType = sourcecode.swift; path = SimonSaysOfficialUITests.swift; sourceTree = "<group>"; };
		1FDF13081FB008BB0016CC1F /* Info.plist */ = {isa = PBXFileReference; lastKnownFileType = text.plist.xml; path = Info.plist; sourceTree = "<group>"; };
		1FDF13141FB0097A0016CC1F /* TableViewController.swift */ = {isa = PBXFileReference; fileEncoding = 4; lastKnownFileType = sourcecode.swift; path = TableViewController.swift; sourceTree = "<group>"; };
/* End PBXFileReference section */

/* Begin PBXFrameworksBuildPhase section */
		1FDF12DD1FB008BA0016CC1F /* Frameworks */ = {
			isa = PBXFrameworksBuildPhase;
			buildActionMask = 2147483647;
			files = (
			);
			runOnlyForDeploymentPostprocessing = 0;
		};
		1FDF12F41FB008BB0016CC1F /* Frameworks */ = {
			isa = PBXFrameworksBuildPhase;
			buildActionMask = 2147483647;
			files = (
			);
			runOnlyForDeploymentPostprocessing = 0;
		};
		1FDF12FF1FB008BB0016CC1F /* Frameworks */ = {
			isa = PBXFrameworksBuildPhase;
			buildActionMask = 2147483647;
			files = (
			);
			runOnlyForDeploymentPostprocessing = 0;
		};
/* End PBXFrameworksBuildPhase section */

/* Begin PBXGroup section */
		1FDF12D71FB008BA0016CC1F = {
			isa = PBXGroup;
			children = (
				1FDF12E21FB008BA0016CC1F /* SimonSaysOfficial */,
				1FDF12FA1FB008BB0016CC1F /* SimonSaysOfficialTests */,
				1FDF13051FB008BB0016CC1F /* SimonSaysOfficialUITests */,
				1FDF12E11FB008BA0016CC1F /* Products */,
			);
			sourceTree = "<group>";
		};
		1FDF12E11FB008BA0016CC1F /* Products */ = {
			isa = PBXGroup;
			children = (
				1FDF12E01FB008BA0016CC1F /* SimonSaysOfficial.app */,
				1FDF12F71FB008BB0016CC1F /* SimonSaysOfficialTests.xctest */,
				1FDF13021FB008BB0016CC1F /* SimonSaysOfficialUITests.xctest */,
			);
			name = Products;
			sourceTree = "<group>";
		};
		1FDF12E21FB008BA0016CC1F /* SimonSaysOfficial */ = {
			isa = PBXGroup;
			children = (
				1FDF12E31FB008BA0016CC1F /* AppDelegate.swift */,
				1FDF12E51FB008BA0016CC1F /* ViewController.swift */,
				1FDF13141FB0097A0016CC1F /* TableViewController.swift */,
				1FDF12E71FB008BA0016CC1F /* Main.storyboard */,
				1FDF12ED1FB008BB0016CC1F /* Assets.xcassets */,
				1FDF12EF1FB008BB0016CC1F /* LaunchScreen.storyboard */,
				1FDF12F21FB008BB0016CC1F /* Info.plist */,
				1FDF12EA1FB008BA0016CC1F /* SimonSaysOfficial.xcdatamodeld */,
			);
			path = SimonSaysOfficial;
			sourceTree = "<group>";
		};
		1FDF12FA1FB008BB0016CC1F /* SimonSaysOfficialTests */ = {
			isa = PBXGroup;
			children = (
				1FDF12FB1FB008BB0016CC1F /* SimonSaysOfficialTests.swift */,
				1FDF12FD1FB008BB0016CC1F /* Info.plist */,
			);
			path = SimonSaysOfficialTests;
			sourceTree = "<group>";
		};
		1FDF13051FB008BB0016CC1F /* SimonSaysOfficialUITests */ = {
			isa = PBXGroup;
			children = (
				1FDF13061FB008BB0016CC1F /* SimonSaysOfficialUITests.swift */,
				1FDF13081FB008BB0016CC1F /* Info.plist */,
			);
			path = SimonSaysOfficialUITests;
			sourceTree = "<group>";
		};
/* End PBXGroup section */

/* Begin PBXNativeTarget section */
		1FDF12DF1FB008BA0016CC1F /* SimonSaysOfficial */ = {
			isa = PBXNativeTarget;
			buildConfigurationList = 1FDF130B1FB008BB0016CC1F /* Build configuration list for PBXNativeTarget "SimonSaysOfficial" */;
			buildPhases = (
				1FDF12DC1FB008BA0016CC1F /* Sources */,
				1FDF12DD1FB008BA0016CC1F /* Frameworks */,
				1FDF12DE1FB008BA0016CC1F /* Resources */,
			);
			buildRules = (
			);
			dependencies = (
			);
			name = SimonSaysOfficial;
			productName = SimonSaysOfficial;
			productReference = 1FDF12E01FB008BA0016CC1F /* SimonSaysOfficial.app */;
			productType = "com.apple.product-type.application";
		};
		1FDF12F61FB008BB0016CC1F /* SimonSaysOfficialTests */ = {
			isa = PBXNativeTarget;
			buildConfigurationList = 1FDF130E1FB008BB0016CC1F /* Build configuration list for PBXNativeTarget "SimonSaysOfficialTests" */;
			buildPhases = (
				1FDF12F31FB008BB0016CC1F /* Sources */,
				1FDF12F41FB008BB0016CC1F /* Frameworks */,
				1FDF12F51FB008BB0016CC1F /* Resources */,
			);
			buildRules = (
			);
			dependencies = (
				1FDF12F91FB008BB0016CC1F /* PBXTargetDependency */,
			);
			name = SimonSaysOfficialTests;
			productName = SimonSaysOfficialTests;
			productReference = 1FDF12F71FB008BB0016CC1F /* SimonSaysOfficialTests.xctest */;
			productType = "com.apple.product-type.bundle.unit-test";
		};
		1FDF13011FB008BB0016CC1F /* SimonSaysOfficialUITests */ = {
			isa = PBXNativeTarget;
			buildConfigurationList = 1FDF13111FB008BB0016CC1F /* Build configuration list for PBXNativeTarget "SimonSaysOfficialUITests" */;
			buildPhases = (
				1FDF12FE1FB008BB0016CC1F /* Sources */,
				1FDF12FF1FB008BB0016CC1F /* Frameworks */,
				1FDF13001FB008BB0016CC1F /* Resources */,
			);
			buildRules = (
			);
			dependencies = (
				1FDF13041FB008BB0016CC1F /* PBXTargetDependency */,
			);
			name = SimonSaysOfficialUITests;
			productName = SimonSaysOfficialUITests;
			productReference = 1FDF13021FB008BB0016CC1F /* SimonSaysOfficialUITests.xctest */;
			productType = "com.apple.product-type.bundle.ui-testing";
		};
/* End PBXNativeTarget section */

/* Begin PBXProject section */
		1FDF12D81FB008BA0016CC1F /* Project object */ = {
			isa = PBXProject;
			attributes = {
				LastSwiftUpdateCheck = 0830;
				LastUpgradeCheck = 0830;
				ORGANIZATIONNAME = Tim;
				TargetAttributes = {
					1FDF12DF1FB008BA0016CC1F = {
						CreatedOnToolsVersion = 8.3.3;
						ProvisioningStyle = Automatic;
					};
					1FDF12F61FB008BB0016CC1F = {
						CreatedOnToolsVersion = 8.3.3;
						ProvisioningStyle = Automatic;
						TestTargetID = 1FDF12DF1FB008BA0016CC1F;
					};
					1FDF13011FB008BB0016CC1F = {
						CreatedOnToolsVersion = 8.3.3;
						ProvisioningStyle = Automatic;
						TestTargetID = 1FDF12DF1FB008BA0016CC1F;
					};
				};
			};
			buildConfigurationList = 1FDF12DB1FB008BA0016CC1F /* Build configuration list for PBXProject "SimonSaysOfficial" */;
			compatibilityVersion = "Xcode 3.2";
			developmentRegion = English;
			hasScannedForEncodings = 0;
			knownRegions = (
				en,
				Base,
			);
			mainGroup = 1FDF12D71FB008BA0016CC1F;
			productRefGroup = 1FDF12E11FB008BA0016CC1F /* Products */;
			projectDirPath = "";
			projectRoot = "";
			targets = (
				1FDF12DF1FB008BA0016CC1F /* SimonSaysOfficial */,
				1FDF12F61FB008BB0016CC1F /* SimonSaysOfficialTests */,
				1FDF13011FB008BB0016CC1F /* SimonSaysOfficialUITests */,
			);
		};
/* End PBXProject section */

/* Begin PBXResourcesBuildPhase section */
		1FDF12DE1FB008BA0016CC1F /* Resources */ = {
			isa = PBXResourcesBuildPhase;
			buildActionMask = 2147483647;
			files = (
				1FDF12F11FB008BB0016CC1F /* LaunchScreen.storyboard in Resources */,
				1FDF12EE1FB008BB0016CC1F /* Assets.xcassets in Resources */,
				1FDF12E91FB008BA0016CC1F /* Main.storyboard in Resources */,
			);
			runOnlyForDeploymentPostprocessing = 0;
		};
		1FDF12F51FB008BB0016CC1F /* Resources */ = {
			isa = PBXResourcesBuildPhase;
			buildActionMask = 2147483647;
			files = (
			);
			runOnlyForDeploymentPostprocessing = 0;
		};
		1FDF13001FB008BB0016CC1F /* Resources */ = {
			isa = PBXResourcesBuildPhase;
			buildActionMask = 2147483647;
			files = (
			);
			runOnlyForDeploymentPostprocessing = 0;
		};
/* End PBXResourcesBuildPhase section */

/* Begin PBXSourcesBuildPhase section */
		1FDF12DC1FB008BA0016CC1F /* Sources */ = {
			isa = PBXSourcesBuildPhase;
			buildActionMask = 2147483647;
			files = (
				1FDF12E61FB008BA0016CC1F /* ViewController.swift in Sources */,
				1FDF12E41FB008BA0016CC1F /* AppDelegate.swift in Sources */,
				1FDF12EC1FB008BA0016CC1F /* SimonSaysOfficial.xcdatamodeld in Sources */,
				1FDF13151FB0097A0016CC1F /* TableViewController.swift in Sources */,
			);
			runOnlyForDeploymentPostprocessing = 0;
		};
		1FDF12F31FB008BB0016CC1F /* Sources */ = {
			isa = PBXSourcesBuildPhase;
			buildActionMask = 2147483647;
			files = (
				1FDF12FC1FB008BB0016CC1F /* SimonSaysOfficialTests.swift in Sources */,
			);
			runOnlyForDeploymentPostprocessing = 0;
		};
		1FDF12FE1FB008BB0016CC1F /* Sources */ = {
			isa = PBXSourcesBuildPhase;
			buildActionMask = 2147483647;
			files = (
				1FDF13071FB008BB0016CC1F /* SimonSaysOfficialUITests.swift in Sources */,
			);
			runOnlyForDeploymentPostprocessing = 0;
		};
/* End PBXSourcesBuildPhase section */

/* Begin PBXTargetDependency section */
		1FDF12F91FB008BB0016CC1F /* PBXTargetDependency */ = {
			isa = PBXTargetDependency;
			target = 1FDF12DF1FB008BA0016CC1F /* SimonSaysOfficial */;
			targetProxy = 1FDF12F81FB008BB0016CC1F /* PBXContainerItemProxy */;
		};
		1FDF13041FB008BB0016CC1F /* PBXTargetDependency */ = {
			isa = PBXTargetDependency;
			target = 1FDF12DF1FB008BA0016CC1F /* SimonSaysOfficial */;
			targetProxy = 1FDF13031FB008BB0016CC1F /* PBXContainerItemProxy */;
		};
/* End PBXTargetDependency section */

/* Begin PBXVariantGroup section */
		1FDF12E71FB008BA0016CC1F /* Main.storyboard */ = {
			isa = PBXVariantGroup;
			children = (
				1FDF12E81FB008BA0016CC1F /* Base */,
			);
			name = Main.storyboard;
			sourceTree = "<group>";
		};
		1FDF12EF1FB008BB0016CC1F /* LaunchScreen.storyboard */ = {
			isa = PBXVariantGroup;
			children = (
				1FDF12F01FB008BB0016CC1F /* Base */,
			);
			name = LaunchScreen.storyboard;
			sourceTree = "<group>";
		};
/* End PBXVariantGroup section */

/* Begin XCBuildConfiguration section */
		1FDF13091FB008BB0016CC1F /* Debug */ = {
			isa = XCBuildConfiguration;
			buildSettings = {
				ALWAYS_SEARCH_USER_PATHS = NO;
				CLANG_ANALYZER_NONNULL = YES;
				CLANG_ANALYZER_NUMBER_OBJECT_CONVERSION = YES_AGGRESSIVE;
				CLANG_CXX_LANGUAGE_STANDARD = "gnu++0x";
				CLANG_CXX_LIBRARY = "libc++";
				CLANG_ENABLE_MODULES = YES;
				CLANG_ENABLE_OBJC_ARC = YES;
				CLANG_WARN_BOOL_CONVERSION = YES;
				CLANG_WARN_CONSTANT_CONVERSION = YES;
				CLANG_WARN_DIRECT_OBJC_ISA_USAGE = YES_ERROR;
				CLANG_WARN_DOCUMENTATION_COMMENTS = YES;
				CLANG_WARN_EMPTY_BODY = YES;
				CLANG_WARN_ENUM_CONVERSION = YES;
				CLANG_WARN_INFINITE_RECURSION = YES;
				CLANG_WARN_INT_CONVERSION = YES;
				CLANG_WARN_OBJC_ROOT_CLASS = YES_ERROR;
				CLANG_WARN_SUSPICIOUS_MOVE = YES;
				CLANG_WARN_UNREACHABLE_CODE = YES;
				CLANG_WARN__DUPLICATE_METHOD_MATCH = YES;
				"CODE_SIGN_IDENTITY[sdk=iphoneos*]" = "iPhone Developer";
				COPY_PHASE_STRIP = NO;
				DEBUG_INFORMATION_FORMAT = dwarf;
				ENABLE_STRICT_OBJC_MSGSEND = YES;
				ENABLE_TESTABILITY = YES;
				GCC_C_LANGUAGE_STANDARD = gnu99;
				GCC_DYNAMIC_NO_PIC = NO;
				GCC_NO_COMMON_BLOCKS = YES;
				GCC_OPTIMIZATION_LEVEL = 0;
				GCC_PREPROCESSOR_DEFINITIONS = (
					"DEBUG=1",
					"$(inherited)",
				);
				GCC_WARN_64_TO_32_BIT_CONVERSION = YES;
				GCC_WARN_ABOUT_RETURN_TYPE = YES_ERROR;
				GCC_WARN_UNDECLARED_SELECTOR = YES;
				GCC_WARN_UNINITIALIZED_AUTOS = YES_AGGRESSIVE;
				GCC_WARN_UNUSED_FUNCTION = YES;
				GCC_WARN_UNUSED_VARIABLE = YES;
				IPHONEOS_DEPLOYMENT_TARGET = 10.3;
				MTL_ENABLE_DEBUG_INFO = YES;
				ONLY_ACTIVE_ARCH = YES;
				SDKROOT = iphoneos;
				SWIFT_ACTIVE_COMPILATION_CONDITIONS = DEBUG;
				SWIFT_OPTIMIZATION_LEVEL = "-Onone";
				TARGETED_DEVICE_FAMILY = "1,2";
			};
			name = Debug;
		};
		1FDF130A1FB008BB0016CC1F /* Release */ = {
			isa = XCBuildConfiguration;
			buildSettings = {
				ALWAYS_SEARCH_USER_PATHS = NO;
				CLANG_ANALYZER_NONNULL = YES;
				CLANG_ANALYZER_NUMBER_OBJECT_CONVERSION = YES_AGGRESSIVE;
				CLANG_CXX_LANGUAGE_STANDARD = "gnu++0x";
				CLANG_CXX_LIBRARY = "libc++";
				CLANG_ENABLE_MODULES = YES;
				CLANG_ENABLE_OBJC_ARC = YES;
				CLANG_WARN_BOOL_CONVERSION = YES;
				CLANG_WARN_CONSTANT_CONVERSION = YES;
				CLANG_WARN_DIRECT_OBJC_ISA_USAGE = YES_ERROR;
				CLANG_WARN_DOCUMENTATION_COMMENTS = YES;
				CLANG_WARN_EMPTY_BODY = YES;
				CLANG_WARN_ENUM_CONVERSION = YES;
				CLANG_WARN_INFINITE_RECURSION = YES;
				CLANG_WARN_INT_CONVERSION = YES;
				CLANG_WARN_OBJC_ROOT_CLASS = YES_ERROR;
				CLANG_WARN_SUSPICIOUS_MOVE = YES;
				CLANG_WARN_UNREACHABLE_CODE = YES;
				CLANG_WARN__DUPLICATE_METHOD_MATCH = YES;
				"CODE_SIGN_IDENTITY[sdk=iphoneos*]" = "iPhone Developer";
				COPY_PHASE_STRIP = NO;
				DEBUG_INFORMATION_FORMAT = "dwarf-with-dsym";
				ENABLE_NS_ASSERTIONS = NO;
				ENABLE_STRICT_OBJC_MSGSEND = YES;
				GCC_C_LANGUAGE_STANDARD = gnu99;
				GCC_NO_COMMON_BLOCKS = YES;
				GCC_WARN_64_TO_32_BIT_CONVERSION = YES;
				GCC_WARN_ABOUT_RETURN_TYPE = YES_ERROR;
				GCC_WARN_UNDECLARED_SELECTOR = YES;
				GCC_WARN_UNINITIALIZED_AUTOS = YES_AGGRESSIVE;
				GCC_WARN_UNUSED_FUNCTION = YES;
				GCC_WARN_UNUSED_VARIABLE = YES;
				IPHONEOS_DEPLOYMENT_TARGET = 10.3;
				MTL_ENABLE_DEBUG_INFO = NO;
				SDKROOT = iphoneos;
				SWIFT_OPTIMIZATION_LEVEL = "-Owholemodule";
				TARGETED_DEVICE_FAMILY = "1,2";
				VALIDATE_PRODUCT = YES;
			};
			name = Release;
		};
		1FDF130C1FB008BB0016CC1F /* Debug */ = {
			isa = XCBuildConfiguration;
			buildSettings = {
				ASSETCATALOG_COMPILER_APPICON_NAME = AppIcon;
				INFOPLIST_FILE = SimonSaysOfficial/Info.plist;
				LD_RUNPATH_SEARCH_PATHS = "$(inherited) @executable_path/Frameworks";
				PRODUCT_BUNDLE_IDENTIFIER = BME598.SimonSaysOfficial;
				PRODUCT_NAME = "$(TARGET_NAME)";
				SWIFT_VERSION = 3.0;
			};
			name = Debug;
		};
		1FDF130D1FB008BB0016CC1F /* Release */ = {
			isa = XCBuildConfiguration;
			buildSettings = {
				ASSETCATALOG_COMPILER_APPICON_NAME = AppIcon;
				INFOPLIST_FILE = SimonSaysOfficial/Info.plist;
				LD_RUNPATH_SEARCH_PATHS = "$(inherited) @executable_path/Frameworks";
				PRODUCT_BUNDLE_IDENTIFIER = BME598.SimonSaysOfficial;
				PRODUCT_NAME = "$(TARGET_NAME)";
				SWIFT_VERSION = 3.0;
			};
			name = Release;
		};
		1FDF130F1FB008BB0016CC1F /* Debug */ = {
			isa = XCBuildConfiguration;
			buildSettings = {
				ALWAYS_EMBED_SWIFT_STANDARD_LIBRARIES = YES;
				BUNDLE_LOADER = "$(TEST_HOST)";
				INFOPLIST_FILE = SimonSaysOfficialTests/Info.plist;
				LD_RUNPATH_SEARCH_PATHS = "$(inherited) @executable_path/Frameworks @loader_path/Frameworks";
				PRODUCT_BUNDLE_IDENTIFIER = BME598.SimonSaysOfficialTests;
				PRODUCT_NAME = "$(TARGET_NAME)";
				SWIFT_VERSION = 3.0;
				TEST_HOST = "$(BUILT_PRODUCTS_DIR)/SimonSaysOfficial.app/SimonSaysOfficial";
			};
			name = Debug;
		};
		1FDF13101FB008BB0016CC1F /* Release */ = {
			isa = XCBuildConfiguration;
			buildSettings = {
				ALWAYS_EMBED_SWIFT_STANDARD_LIBRARIES = YES;
				BUNDLE_LOADER = "$(TEST_HOST)";
				INFOPLIST_FILE = SimonSaysOfficialTests/Info.plist;
				LD_RUNPATH_SEARCH_PATHS = "$(inherited) @executable_path/Frameworks @loader_path/Frameworks";
				PRODUCT_BUNDLE_IDENTIFIER = BME598.SimonSaysOfficialTests;
				PRODUCT_NAME = "$(TARGET_NAME)";
				SWIFT_VERSION = 3.0;
				TEST_HOST = "$(BUILT_PRODUCTS_DIR)/SimonSaysOfficial.app/SimonSaysOfficial";
			};
			name = Release;
		};
		1FDF13121FB008BB0016CC1F /* Debug */ = {
			isa = XCBuildConfiguration;
			buildSettings = {
				ALWAYS_EMBED_SWIFT_STANDARD_LIBRARIES = YES;
				INFOPLIST_FILE = SimonSaysOfficialUITests/Info.plist;
				LD_RUNPATH_SEARCH_PATHS = "$(inherited) @executable_path/Frameworks @loader_path/Frameworks";
				PRODUCT_BUNDLE_IDENTIFIER = BME598.SimonSaysOfficialUITests;
				PRODUCT_NAME = "$(TARGET_NAME)";
				SWIFT_VERSION = 3.0;
				TEST_TARGET_NAME = SimonSaysOfficial;
			};
			name = Debug;
		};
		1FDF13131FB008BB0016CC1F /* Release */ = {
			isa = XCBuildConfiguration;
			buildSettings = {
				ALWAYS_EMBED_SWIFT_STANDARD_LIBRARIES = YES;
				INFOPLIST_FILE = SimonSaysOfficialUITests/Info.plist;
				LD_RUNPATH_SEARCH_PATHS = "$(inherited) @executable_path/Frameworks @loader_path/Frameworks";
				PRODUCT_BUNDLE_IDENTIFIER = BME598.SimonSaysOfficialUITests;
				PRODUCT_NAME = "$(TARGET_NAME)";
				SWIFT_VERSION = 3.0;
				TEST_TARGET_NAME = SimonSaysOfficial;
			};
			name = Release;
		};
/* End XCBuildConfiguration section */

/* Begin XCConfigurationList section */
		1FDF12DB1FB008BA0016CC1F /* Build configuration list for PBXProject "SimonSaysOfficial" */ = {
			isa = XCConfigurationList;
			buildConfigurations = (
				1FDF13091FB008BB0016CC1F /* Debug */,
				1FDF130A1FB008BB0016CC1F /* Release */,
			);
			defaultConfigurationIsVisible = 0;
			defaultConfigurationName = Release;
		};
		1FDF130B1FB008BB0016CC1F /* Build configuration list for PBXNativeTarget "SimonSaysOfficial" */ = {
			isa = XCConfigurationList;
			buildConfigurations = (
				1FDF130C1FB008BB0016CC1F /* Debug */,
				1FDF130D1FB008BB0016CC1F /* Release */,
			);
			defaultConfigurationIsVisible = 0;
		};
		1FDF130E1FB008BB0016CC1F /* Build configuration list for PBXNativeTarget "SimonSaysOfficialTests" */ = {
			isa = XCConfigurationList;
			buildConfigurations = (
				1FDF130F1FB008BB0016CC1F /* Debug */,
				1FDF13101FB008BB0016CC1F /* Release */,
			);
			defaultConfigurationIsVisible = 0;
		};
		1FDF13111FB008BB0016CC1F /* Build configuration list for PBXNativeTarget "SimonSaysOfficialUITests" */ = {
			isa = XCConfigurationList;
			buildConfigurations = (
				1FDF13121FB008BB0016CC1F /* Debug */,
				1FDF13131FB008BB0016CC1F /* Release */,
			);
			defaultConfigurationIsVisible = 0;
		};
/* End XCConfigurationList section */

/* Begin XCVersionGroup section */
		1FDF12EA1FB008BA0016CC1F /* SimonSaysOfficial.xcdatamodeld */ = {
			isa = XCVersionGroup;
			children = (
				1FDF12EB1FB008BA0016CC1F /* SimonSaysOfficial.xcdatamodel */,
			);
			currentVersion = 1FDF12EB1FB008BA0016CC1F /* SimonSaysOfficial.xcdatamodel */;
			path = SimonSaysOfficial.xcdatamodeld;
			sourceTree = "<group>";
			versionGroupType = wrapper.xcdatamodel;
		};
/* End XCVersionGroup section */
	};
	rootObject = 1FDF12D81FB008BA0016CC1F /* Project object */;
}
